
Microsoft Visual Studio Solution File, Format Version 12.00
# Visual Studio Version 17
VisualStudioVersion = 17.2.32602.215
MinimumVisualStudioVersion = 10.0.40219.1
Project("{FAE04EC0-301F-11D3-BF4B-00C04F79EFBC}") = "HousekeeperAPI", "HousekeeperAPI\HousekeeperAPI.csproj", "{B2C443DE-7D48-4D24-810D-E9E0D9402F90}"
EndProject
Global
	GlobalSection(SolutionConfigurationPlatforms) = preSolution
		Debug|Any CPU = Debug|Any CPU
		Release|Any CPU = Release|Any CPU
	EndGlobalSection
	GlobalSection(ProjectConfigurationPlatforms) = postSolution
		{B2C443DE-7D48-4D24-810D-E9E0D9402F90}.Debug|Any CPU.ActiveCfg = Debug|Any CPU
		{B2C443DE-7D48-4D24-810D-E9E0D9402F90}.Debug|Any CPU.Build.0 = Debug|Any CPU
		{B2C443DE-7D48-4D24-810D-E9E0D9402F90}.Release|Any CPU.ActiveCfg = Release|Any CPU
		{B2C443DE-7D48-4D24-810D-E9E0D9402F90}.Release|Any CPU.Build.0 = Release|Any CPU
	EndGlobalSection
	GlobalSection(SolutionProperties) = preSolution
		HideSolutionNode = FALSE
	EndGlobalSection
	GlobalSection(ExtensibilityGlobals) = postSolution
		SolutionGuid = {12D732A4-2B63-4DB4-BE36-8DB856B4C9DC}
	EndGlobalSection
EndGlobal
